
Microsoft Visual Studio Solution File, Format Version 12.00
# Visual Studio Version 17
VisualStudioVersion = 17.14.36301.6 d17.14
MinimumVisualStudioVersion = 10.0.40219.1
Project("{FAE04EC0-301F-11D3-BF4B-00C04F79EFBC}") = "SolmazGumrukApp", "SolmazGumrukApp.csproj", "{7BE91ED8-36CC-4638-86FE-C4F87CC22491}"
EndProject
Global
	GlobalSection(SolutionConfigurationPlatforms) = preSolution
		Debug|Any CPU = Debug|Any CPU
		Release|Any CPU = Release|Any CPU
	EndGlobalSection
	GlobalSection(ProjectConfigurationPlatforms) = postSolution
		{7BE91ED8-36CC-4638-86FE-C4F87CC22491}.Debug|Any CPU.ActiveCfg = Debug|Any CPU
		{7BE91ED8-36CC-4638-86FE-C4F87CC22491}.Debug|Any CPU.Build.0 = Debug|Any CPU
		{7BE91ED8-36CC-4638-86FE-C4F87CC22491}.Release|Any CPU.ActiveCfg = Release|Any CPU
		{7BE91ED8-36CC-4638-86FE-C4F87CC22491}.Release|Any CPU.Build.0 = Release|Any CPU
	EndGlobalSection
	GlobalSection(SolutionProperties) = preSolution
		HideSolutionNode = FALSE
	EndGlobalSection
	GlobalSection(ExtensibilityGlobals) = postSolution
		SolutionGuid = {BE48C581-40B1-4897-A2D2-59B90A9EE14F}
	EndGlobalSection
EndGlobal
